// !$*UTF8*$!
{
	archiveVersion = 1;
	classes = {
	};
	objectVersion = 48;
	objects = {

/* Begin PBXBuildFile section */
		8C38EF901FB79B6100DDD909 /* AppDelegate.swift in Sources */ = {isa = PBXBuildFile; fileRef = 8C38EF8F1FB79B6100DDD909 /* AppDelegate.swift */; };
		8C38EF921FB79B6100DDD909 /* ViewController.swift in Sources */ = {isa = PBXBuildFile; fileRef = 8C38EF911FB79B6100DDD909 /* ViewController.swift */; };
		8C38EF951FB79B6100DDD909 /* Main.storyboard in Resources */ = {isa = PBXBuildFile; fileRef = 8C38EF931FB79B6100DDD909 /* Main.storyboard */; };
		8C38EF971FB79B6100DDD909 /* Assets.xcassets in Resources */ = {isa = PBXBuildFile; fileRef = 8C38EF961FB79B6100DDD909 /* Assets.xcassets */; };
		8C38EF9A1FB79B6100DDD909 /* LaunchScreen.storyboard in Resources */ = {isa = PBXBuildFile; fileRef = 8C38EF981FB79B6100DDD909 /* LaunchScreen.storyboard */; };
		8C38EFA51FB79B6100DDD909 /* SmapchatTests.swift in Sources */ = {isa = PBXBuildFile; fileRef = 8C38EFA41FB79B6100DDD909 /* SmapchatTests.swift */; };
		8C38EFB01FB79B6100DDD909 /* SmapchatUITests.swift in Sources */ = {isa = PBXBuildFile; fileRef = 8C38EFAF1FB79B6100DDD909 /* SmapchatUITests.swift */; };
/* End PBXBuildFile section */

/* Begin PBXContainerItemProxy section */
		8C38EFA11FB79B6100DDD909 /* PBXContainerItemProxy */ = {
			isa = PBXContainerItemProxy;
			containerPortal = 8C38EF841FB79B6100DDD909 /* Project object */;
			proxyType = 1;
			remoteGlobalIDString = 8C38EF8B1FB79B6100DDD909;
			remoteInfo = Smapchat;
		};
		8C38EFAC1FB79B6100DDD909 /* PBXContainerItemProxy */ = {
			isa = PBXContainerItemProxy;
			containerPortal = 8C38EF841FB79B6100DDD909 /* Project object */;
			proxyType = 1;
			remoteGlobalIDString = 8C38EF8B1FB79B6100DDD909;
			remoteInfo = Smapchat;
		};
/* End PBXContainerItemProxy section */

/* Begin PBXFileReference section */
		8C38EF8C1FB79B6100DDD909 /* Smapchat.app */ = {isa = PBXFileReference; explicitFileType = wrapper.application; includeInIndex = 0; path = Smapchat.app; sourceTree = BUILT_PRODUCTS_DIR; };
		8C38EF8F1FB79B6100DDD909 /* AppDelegate.swift */ = {isa = PBXFileReference; lastKnownFileType = sourcecode.swift; path = AppDelegate.swift; sourceTree = "<group>"; };
		8C38EF911FB79B6100DDD909 /* ViewController.swift */ = {isa = PBXFileReference; lastKnownFileType = sourcecode.swift; path = ViewController.swift; sourceTree = "<group>"; };
		8C38EF941FB79B6100DDD909 /* Base */ = {isa = PBXFileReference; lastKnownFileType = file.storyboard; name = Base; path = Base.lproj/Main.storyboard; sourceTree = "<group>"; };
		8C38EF961FB79B6100DDD909 /* Assets.xcassets */ = {isa = PBXFileReference; lastKnownFileType = folder.assetcatalog; path = Assets.xcassets; sourceTree = "<group>"; };
		8C38EF991FB79B6100DDD909 /* Base */ = {isa = PBXFileReference; lastKnownFileType = file.storyboard; name = Base; path = Base.lproj/LaunchScreen.storyboard; sourceTree = "<group>"; };
		8C38EF9B1FB79B6100DDD909 /* Info.plist */ = {isa = PBXFileReference; lastKnownFileType = text.plist.xml; path = Info.plist; sourceTree = "<group>"; };
		8C38EFA01FB79B6100DDD909 /* SmapchatTests.xctest */ = {isa = PBXFileReference; explicitFileType = wrapper.cfbundle; includeInIndex = 0; path = SmapchatTests.xctest; sourceTree = BUILT_PRODUCTS_DIR; };
		8C38EFA41FB79B6100DDD909 /* SmapchatTests.swift */ = {isa = PBXFileReference; lastKnownFileType = sourcecode.swift; path = SmapchatTests.swift; sourceTree = "<group>"; };
		8C38EFA61FB79B6100DDD909 /* Info.plist */ = {isa = PBXFileReference; lastKnownFileType = text.plist.xml; path = Info.plist; sourceTree = "<group>"; };
		8C38EFAB1FB79B6100DDD909 /* SmapchatUITests.xctest */ = {isa = PBXFileReference; explicitFileType = wrapper.cfbundle; includeInIndex = 0; path = SmapchatUITests.xctest; sourceTree = BUILT_PRODUCTS_DIR; };
		8C38EFAF1FB79B6100DDD909 /* SmapchatUITests.swift */ = {isa = PBXFileReference; lastKnownFileType = sourcecode.swift; path = SmapchatUITests.swift; sourceTree = "<group>"; };
		8C38EFB11FB79B6100DDD909 /* Info.plist */ = {isa = PBXFileReference; lastKnownFileType = text.plist.xml; path = Info.plist; sourceTree = "<group>"; };
/* End PBXFileReference section */

/* Begin PBXFrameworksBuildPhase section */
		8C38EF891FB79B6100DDD909 /* Frameworks */ = {
			isa = PBXFrameworksBuildPhase;
			buildActionMask = 2147483647;
			files = (
			);
			runOnlyForDeploymentPostprocessing = 0;
		};
		8C38EF9D1FB79B6100DDD909 /* Frameworks */ = {
			isa = PBXFrameworksBuildPhase;
			buildActionMask = 2147483647;
			files = (
			);
			runOnlyForDeploymentPostprocessing = 0;
		};
		8C38EFA81FB79B6100DDD909 /* Frameworks */ = {
			isa = PBXFrameworksBuildPhase;
			buildActionMask = 2147483647;
			files = (
			);
			runOnlyForDeploymentPostprocessing = 0;
		};
/* End PBXFrameworksBuildPhase section */

/* Begin PBXGroup section */
		8C38EF831FB79B6100DDD909 = {
			isa = PBXGroup;
			children = (
				8C38EF8E1FB79B6100DDD909 /* Smapchat */,
				8C38EFA31FB79B6100DDD909 /* SmapchatTests */,
				8C38EFAE1FB79B6100DDD909 /* SmapchatUITests */,
				8C38EF8D1FB79B6100DDD909 /* Products */,
			);
			sourceTree = "<group>";
		};
		8C38EF8D1FB79B6100DDD909 /* Products */ = {
			isa = PBXGroup;
			children = (
				8C38EF8C1FB79B6100DDD909 /* Smapchat.app */,
				8C38EFA01FB79B6100DDD909 /* SmapchatTests.xctest */,
				8C38EFAB1FB79B6100DDD909 /* SmapchatUITests.xctest */,
			);
			name = Products;
			sourceTree = "<group>";
		};
		8C38EF8E1FB79B6100DDD909 /* Smapchat */ = {
			isa = PBXGroup;
			children = (
				8C38EF8F1FB79B6100DDD909 /* AppDelegate.swift */,
				8C38EF911FB79B6100DDD909 /* ViewController.swift */,
				8C38EF931FB79B6100DDD909 /* Main.storyboard */,
				8C38EF961FB79B6100DDD909 /* Assets.xcassets */,
				8C38EF981FB79B6100DDD909 /* LaunchScreen.storyboard */,
				8C38EF9B1FB79B6100DDD909 /* Info.plist */,
			);
			path = Smapchat;
			sourceTree = "<group>";
		};
		8C38EFA31FB79B6100DDD909 /* SmapchatTests */ = {
			isa = PBXGroup;
			children = (
				8C38EFA41FB79B6100DDD909 /* SmapchatTests.swift */,
				8C38EFA61FB79B6100DDD909 /* Info.plist */,
			);
			path = SmapchatTests;
			sourceTree = "<group>";
		};
		8C38EFAE1FB79B6100DDD909 /* SmapchatUITests */ = {
			isa = PBXGroup;
			children = (
				8C38EFAF1FB79B6100DDD909 /* SmapchatUITests.swift */,
				8C38EFB11FB79B6100DDD909 /* Info.plist */,
			);
			path = SmapchatUITests;
			sourceTree = "<group>";
		};
/* End PBXGroup section */

/* Begin PBXNativeTarget section */
		8C38EF8B1FB79B6100DDD909 /* Smapchat */ = {
			isa = PBXNativeTarget;
			buildConfigurationList = 8C38EFB41FB79B6100DDD909 /* Build configuration list for PBXNativeTarget "Smapchat" */;
			buildPhases = (
				8C38EF881FB79B6100DDD909 /* Sources */,
				8C38EF891FB79B6100DDD909 /* Frameworks */,
				8C38EF8A1FB79B6100DDD909 /* Resources */,
			);
			buildRules = (
			);
			dependencies = (
			);
			name = Smapchat;
			productName = Smapchat;
			productReference = 8C38EF8C1FB79B6100DDD909 /* Smapchat.app */;
			productType = "com.apple.product-type.application";
		};
		8C38EF9F1FB79B6100DDD909 /* SmapchatTests */ = {
			isa = PBXNativeTarget;
			buildConfigurationList = 8C38EFB71FB79B6100DDD909 /* Build configuration list for PBXNativeTarget "SmapchatTests" */;
			buildPhases = (
				8C38EF9C1FB79B6100DDD909 /* Sources */,
				8C38EF9D1FB79B6100DDD909 /* Frameworks */,
				8C38EF9E1FB79B6100DDD909 /* Resources */,
			);
			buildRules = (
			);
			dependencies = (
				8C38EFA21FB79B6100DDD909 /* PBXTargetDependency */,
			);
			name = SmapchatTests;
			productName = SmapchatTests;
			productReference = 8C38EFA01FB79B6100DDD909 /* SmapchatTests.xctest */;
			productType = "com.apple.product-type.bundle.unit-test";
		};
		8C38EFAA1FB79B6100DDD909 /* SmapchatUITests */ = {
			isa = PBXNativeTarget;
			buildConfigurationList = 8C38EFBA1FB79B6100DDD909 /* Build configuration list for PBXNativeTarget "SmapchatUITests" */;
			buildPhases = (
				8C38EFA71FB79B6100DDD909 /* Sources */,
				8C38EFA81FB79B6100DDD909 /* Frameworks */,
				8C38EFA91FB79B6100DDD909 /* Resources */,
			);
			buildRules = (
			);
			dependencies = (
				8C38EFAD1FB79B6100DDD909 /* PBXTargetDependency */,
			);
			name = SmapchatUITests;
			productName = SmapchatUITests;
			productReference = 8C38EFAB1FB79B6100DDD909 /* SmapchatUITests.xctest */;
			productType = "com.apple.product-type.bundle.ui-testing";
		};
/* End PBXNativeTarget section */

/* Begin PBXProject section */
		8C38EF841FB79B6100DDD909 /* Project object */ = {
			isa = PBXProject;
			attributes = {
				LastSwiftUpdateCheck = 0910;
				LastUpgradeCheck = 0910;
				ORGANIZATIONNAME = "Dinesh  Gurnani";
				TargetAttributes = {
					8C38EF8B1FB79B6100DDD909 = {
						CreatedOnToolsVersion = 9.1;
						ProvisioningStyle = Automatic;
					};
					8C38EF9F1FB79B6100DDD909 = {
						CreatedOnToolsVersion = 9.1;
						ProvisioningStyle = Automatic;
						TestTargetID = 8C38EF8B1FB79B6100DDD909;
					};
					8C38EFAA1FB79B6100DDD909 = {
						CreatedOnToolsVersion = 9.1;
						ProvisioningStyle = Automatic;
						TestTargetID = 8C38EF8B1FB79B6100DDD909;
					};
				};
			};
			buildConfigurationList = 8C38EF871FB79B6100DDD909 /* Build configuration list for PBXProject "Smapchat" */;
			compatibilityVersion = "Xcode 8.0";
			developmentRegion = en;
			hasScannedForEncodings = 0;
			knownRegions = (
				en,
				Base,
			);
			mainGroup = 8C38EF831FB79B6100DDD909;
			productRefGroup = 8C38EF8D1FB79B6100DDD909 /* Products */;
			projectDirPath = "";
			projectRoot = "";
			targets = (
				8C38EF8B1FB79B6100DDD909 /* Smapchat */,
				8C38EF9F1FB79B6100DDD909 /* SmapchatTests */,
				8C38EFAA1FB79B6100DDD909 /* SmapchatUITests */,
			);
		};
/* End PBXProject section */

/* Begin PBXResourcesBuildPhase section */
		8C38EF8A1FB79B6100DDD909 /* Resources */ = {
			isa = PBXResourcesBuildPhase;
			buildActionMask = 2147483647;
			files = (
				8C38EF9A1FB79B6100DDD909 /* LaunchScreen.storyboard in Resources */,
				8C38EF971FB79B6100DDD909 /* Assets.xcassets in Resources */,
				8C38EF951FB79B6100DDD909 /* Main.storyboard in Resources */,
			);
			runOnlyForDeploymentPostprocessing = 0;
		};
		8C38EF9E1FB79B6100DDD909 /* Resources */ = {
			isa = PBXResourcesBuildPhase;
			buildActionMask = 2147483647;
			files = (
			);
			runOnlyForDeploymentPostprocessing = 0;
		};
		8C38EFA91FB79B6100DDD909 /* Resources */ = {
			isa = PBXResourcesBuildPhase;
			buildActionMask = 2147483647;
			files = (
			);
			runOnlyForDeploymentPostprocessing = 0;
		};
/* End PBXResourcesBuildPhase section */

/* Begin PBXSourcesBuildPhase section */
		8C38EF881FB79B6100DDD909 /* Sources */ = {
			isa = PBXSourcesBuildPhase;
			buildActionMask = 2147483647;
			files = (
				8C38EF921FB79B6100DDD909 /* ViewController.swift in Sources */,
				8C38EF901FB79B6100DDD909 /* AppDelegate.swift in Sources */,
			);
			runOnlyForDeploymentPostprocessing = 0;
		};
		8C38EF9C1FB79B6100DDD909 /* Sources */ = {
			isa = PBXSourcesBuildPhase;
			buildActionMask = 2147483647;
			files = (
				8C38EFA51FB79B6100DDD909 /* SmapchatTests.swift in Sources */,
			);
			runOnlyForDeploymentPostprocessing = 0;
		};
		8C38EFA71FB79B6100DDD909 /* Sources */ = {
			isa = PBXSourcesBuildPhase;
			buildActionMask = 2147483647;
			files = (
				8C38EFB01FB79B6100DDD909 /* SmapchatUITests.swift in Sources */,
			);
			runOnlyForDeploymentPostprocessing = 0;
		};
/* End PBXSourcesBuildPhase section */

/* Begin PBXTargetDependency section */
		8C38EFA21FB79B6100DDD909 /* PBXTargetDependency */ = {
			isa = PBXTargetDependency;
			target = 8C38EF8B1FB79B6100DDD909 /* Smapchat */;
			targetProxy = 8C38EFA11FB79B6100DDD909 /* PBXContainerItemProxy */;
		};
		8C38EFAD1FB79B6100DDD909 /* PBXTargetDependency */ = {
			isa = PBXTargetDependency;
			target = 8C38EF8B1FB79B6100DDD909 /* Smapchat */;
			targetProxy = 8C38EFAC1FB79B6100DDD909 /* PBXContainerItemProxy */;
		};
/* End PBXTargetDependency section */

/* Begin PBXVariantGroup section */
		8C38EF931FB79B6100DDD909 /* Main.storyboard */ = {
			isa = PBXVariantGroup;
			children = (
				8C38EF941FB79B6100DDD909 /* Base */,
			);
			name = Main.storyboard;
			sourceTree = "<group>";
		};
		8C38EF981FB79B6100DDD909 /* LaunchScreen.storyboard */ = {
			isa = PBXVariantGroup;
			children = (
				8C38EF991FB79B6100DDD909 /* Base */,
			);
			name = LaunchScreen.storyboard;
			sourceTree = "<group>";
		};
/* End PBXVariantGroup section */

/* Begin XCBuildConfiguration section */
		8C38EFB21FB79B6100DDD909 /* Debug */ = {
			isa = XCBuildConfiguration;
			buildSettings = {
				ALWAYS_SEARCH_USER_PATHS = NO;
				CLANG_ANALYZER_NONNULL = YES;
				CLANG_ANALYZER_NUMBER_OBJECT_CONVERSION = YES_AGGRESSIVE;
				CLANG_CXX_LANGUAGE_STANDARD = "gnu++14";
				CLANG_CXX_LIBRARY = "libc++";
				CLANG_ENABLE_MODULES = YES;
				CLANG_ENABLE_OBJC_ARC = YES;
				CLANG_WARN_BLOCK_CAPTURE_AUTORELEASING = YES;
				CLANG_WARN_BOOL_CONVERSION = YES;
				CLANG_WARN_COMMA = YES;
				CLANG_WARN_CONSTANT_CONVERSION = YES;
				CLANG_WARN_DIRECT_OBJC_ISA_USAGE = YES_ERROR;
				CLANG_WARN_DOCUMENTATION_COMMENTS = YES;
				CLANG_WARN_EMPTY_BODY = YES;
				CLANG_WARN_ENUM_CONVERSION = YES;
				CLANG_WARN_INFINITE_RECURSION = YES;
				CLANG_WARN_INT_CONVERSION = YES;
				CLANG_WARN_NON_LITERAL_NULL_CONVERSION = YES;
				CLANG_WARN_OBJC_LITERAL_CONVERSION = YES;
				CLANG_WARN_OBJC_ROOT_CLASS = YES_ERROR;
				CLANG_WARN_RANGE_LOOP_ANALYSIS = YES;
				CLANG_WARN_STRICT_PROTOTYPES = YES;
				CLANG_WARN_SUSPICIOUS_MOVE = YES;
				CLANG_WARN_UNGUARDED_AVAILABILITY = YES_AGGRESSIVE;
				CLANG_WARN_UNREACHABLE_CODE = YES;
				CLANG_WARN__DUPLICATE_METHOD_MATCH = YES;
				CODE_SIGN_IDENTITY = "iPhone Developer";
				COPY_PHASE_STRIP = NO;
				DEBUG_INFORMATION_FORMAT = dwarf;
				ENABLE_STRICT_OBJC_MSGSEND = YES;
				ENABLE_TESTABILITY = YES;
				GCC_C_LANGUAGE_STANDARD = gnu11;
				GCC_DYNAMIC_NO_PIC = NO;
				GCC_NO_COMMON_BLOCKS = YES;
				GCC_OPTIMIZATION_LEVEL = 0;
				GCC_PREPROCESSOR_DEFINITIONS = (
					"DEBUG=1",
					"$(inherited)",
				);
				GCC_WARN_64_TO_32_BIT_CONVERSION = YES;
				GCC_WARN_ABOUT_RETURN_TYPE = YES_ERROR;
				GCC_WARN_UNDECLARED_SELECTOR = YES;
				GCC_WARN_UNINITIALIZED_AUTOS = YES_AGGRESSIVE;
				GCC_WARN_UNUSED_FUNCTION = YES;
				GCC_WARN_UNUSED_VARIABLE = YES;
				IPHONEOS_DEPLOYMENT_TARGET = 11.1;
				MTL_ENABLE_DEBUG_INFO = YES;
				ONLY_ACTIVE_ARCH = YES;
				SDKROOT = iphoneos;
				SWIFT_ACTIVE_COMPILATION_CONDITIONS = DEBUG;
				SWIFT_OPTIMIZATION_LEVEL = "-Onone";
			};
			name = Debug;
		};
		8C38EFB31FB79B6100DDD909 /* Release */ = {
			isa = XCBuildConfiguration;
			buildSettings = {
				ALWAYS_SEARCH_USER_PATHS = NO;
				CLANG_ANALYZER_NONNULL = YES;
				CLANG_ANALYZER_NUMBER_OBJECT_CONVERSION = YES_AGGRESSIVE;
				CLANG_CXX_LANGUAGE_STANDARD = "gnu++14";
				CLANG_CXX_LIBRARY = "libc++";
				CLANG_ENABLE_MODULES = YES;
				CLANG_ENABLE_OBJC_ARC = YES;
				CLANG_WARN_BLOCK_CAPTURE_AUTORELEASING = YES;
				CLANG_WARN_BOOL_CONVERSION = YES;
				CLANG_WARN_COMMA = YES;
				CLANG_WARN_CONSTANT_CONVERSION = YES;
				CLANG_WARN_DIRECT_OBJC_ISA_USAGE = YES_ERROR;
				CLANG_WARN_DOCUMENTATION_COMMENTS = YES;
				CLANG_WARN_EMPTY_BODY = YES;
				CLANG_WARN_ENUM_CONVERSION = YES;
				CLANG_WARN_INFINITE_RECURSION = YES;
				CLANG_WARN_INT_CONVERSION = YES;
				CLANG_WARN_NON_LITERAL_NULL_CONVERSION = YES;
				CLANG_WARN_OBJC_LITERAL_CONVERSION = YES;
				CLANG_WARN_OBJC_ROOT_CLASS = YES_ERROR;
				CLANG_WARN_RANGE_LOOP_ANALYSIS = YES;
				CLANG_WARN_STRICT_PROTOTYPES = YES;
				CLANG_WARN_SUSPICIOUS_MOVE = YES;
				CLANG_WARN_UNGUARDED_AVAILABILITY = YES_AGGRESSIVE;
				CLANG_WARN_UNREACHABLE_CODE = YES;
				CLANG_WARN__DUPLICATE_METHOD_MATCH = YES;
				CODE_SIGN_IDENTITY = "iPhone Developer";
				COPY_PHASE_STRIP = NO;
				DEBUG_INFORMATION_FORMAT = "dwarf-with-dsym";
				ENABLE_NS_ASSERTIONS = NO;
				ENABLE_STRICT_OBJC_MSGSEND = YES;
				GCC_C_LANGUAGE_STANDARD = gnu11;
				GCC_NO_COMMON_BLOCKS = YES;
				GCC_WARN_64_TO_32_BIT_CONVERSION = YES;
				GCC_WARN_ABOUT_RETURN_TYPE = YES_ERROR;
				GCC_WARN_UNDECLARED_SELECTOR = YES;
				GCC_WARN_UNINITIALIZED_AUTOS = YES_AGGRESSIVE;
				GCC_WARN_UNUSED_FUNCTION = YES;
				GCC_WARN_UNUSED_VARIABLE = YES;
				IPHONEOS_DEPLOYMENT_TARGET = 11.1;
				MTL_ENABLE_DEBUG_INFO = NO;
				SDKROOT = iphoneos;
				SWIFT_OPTIMIZATION_LEVEL = "-Owholemodule";
				VALIDATE_PRODUCT = YES;
			};
			name = Release;
		};
		8C38EFB51FB79B6100DDD909 /* Debug */ = {
			isa = XCBuildConfiguration;
			buildSettings = {
				ASSETCATALOG_COMPILER_APPICON_NAME = AppIcon;
				CODE_SIGN_STYLE = Automatic;
				INFOPLIST_FILE = Smapchat/Info.plist;
				LD_RUNPATH_SEARCH_PATHS = "$(inherited) @executable_path/Frameworks";
				PRODUCT_BUNDLE_IDENTIFIER = com.dgurnani.Smapchat;
				PRODUCT_NAME = "$(TARGET_NAME)";
				SWIFT_VERSION = 4.0;
				TARGETED_DEVICE_FAMILY = "1,2";
			};
			name = Debug;
		};
		8C38EFB61FB79B6100DDD909 /* Release */ = {
			isa = XCBuildConfiguration;
			buildSettings = {
				ASSETCATALOG_COMPILER_APPICON_NAME = AppIcon;
				CODE_SIGN_STYLE = Automatic;
				INFOPLIST_FILE = Smapchat/Info.plist;
				LD_RUNPATH_SEARCH_PATHS = "$(inherited) @executable_path/Frameworks";
				PRODUCT_BUNDLE_IDENTIFIER = com.dgurnani.Smapchat;
				PRODUCT_NAME = "$(TARGET_NAME)";
				SWIFT_VERSION = 4.0;
				TARGETED_DEVICE_FAMILY = "1,2";
			};
			name = Release;
		};
		8C38EFB81FB79B6100DDD909 /* Debug */ = {
			isa = XCBuildConfiguration;
			buildSettings = {
				ALWAYS_EMBED_SWIFT_STANDARD_LIBRARIES = YES;
				BUNDLE_LOADER = "$(TEST_HOST)";
				CODE_SIGN_STYLE = Automatic;
				INFOPLIST_FILE = SmapchatTests/Info.plist;
				LD_RUNPATH_SEARCH_PATHS = "$(inherited) @executable_path/Frameworks @loader_path/Frameworks";
				PRODUCT_BUNDLE_IDENTIFIER = com.dgurnani.SmapchatTests;
				PRODUCT_NAME = "$(TARGET_NAME)";
				SWIFT_VERSION = 4.0;
				TARGETED_DEVICE_FAMILY = "1,2";
				TEST_HOST = "$(BUILT_PRODUCTS_DIR)/Smapchat.app/Smapchat";
			};
			name = Debug;
		};
		8C38EFB91FB79B6100DDD909 /* Release */ = {
			isa = XCBuildConfiguration;
			buildSettings = {
				ALWAYS_EMBED_SWIFT_STANDARD_LIBRARIES = YES;
				BUNDLE_LOADER = "$(TEST_HOST)";
				CODE_SIGN_STYLE = Automatic;
				INFOPLIST_FILE = SmapchatTests/Info.plist;
				LD_RUNPATH_SEARCH_PATHS = "$(inherited) @executable_path/Frameworks @loader_path/Frameworks";
				PRODUCT_BUNDLE_IDENTIFIER = com.dgurnani.SmapchatTests;
				PRODUCT_NAME = "$(TARGET_NAME)";
				SWIFT_VERSION = 4.0;
				TARGETED_DEVICE_FAMILY = "1,2";
				TEST_HOST = "$(BUILT_PRODUCTS_DIR)/Smapchat.app/Smapchat";
			};
			name = Release;
		};
		8C38EFBB1FB79B6100DDD909 /* Debug */ = {
			isa = XCBuildConfiguration;
			buildSettings = {
				ALWAYS_EMBED_SWIFT_STANDARD_LIBRARIES = YES;
				CODE_SIGN_STYLE = Automatic;
				INFOPLIST_FILE = SmapchatUITests/Info.plist;
				LD_RUNPATH_SEARCH_PATHS = "$(inherited) @executable_path/Frameworks @loader_path/Frameworks";
				PRODUCT_BUNDLE_IDENTIFIER = com.dgurnani.SmapchatUITests;
				PRODUCT_NAME = "$(TARGET_NAME)";
				SWIFT_VERSION = 4.0;
				TARGETED_DEVICE_FAMILY = "1,2";
				TEST_TARGET_NAME = Smapchat;
			};
			name = Debug;
		};
		8C38EFBC1FB79B6100DDD909 /* Release */ = {
			isa = XCBuildConfiguration;
			buildSettings = {
				ALWAYS_EMBED_SWIFT_STANDARD_LIBRARIES = YES;
				CODE_SIGN_STYLE = Automatic;
				INFOPLIST_FILE = SmapchatUITests/Info.plist;
				LD_RUNPATH_SEARCH_PATHS = "$(inherited) @executable_path/Frameworks @loader_path/Frameworks";
				PRODUCT_BUNDLE_IDENTIFIER = com.dgurnani.SmapchatUITests;
				PRODUCT_NAME = "$(TARGET_NAME)";
				SWIFT_VERSION = 4.0;
				TARGETED_DEVICE_FAMILY = "1,2";
				TEST_TARGET_NAME = Smapchat;
			};
			name = Release;
		};
/* End XCBuildConfiguration section */

/* Begin XCConfigurationList section */
		8C38EF871FB79B6100DDD909 /* Build configuration list for PBXProject "Smapchat" */ = {
			isa = XCConfigurationList;
			buildConfigurations = (
				8C38EFB21FB79B6100DDD909 /* Debug */,
				8C38EFB31FB79B6100DDD909 /* Release */,
			);
			defaultConfigurationIsVisible = 0;
			defaultConfigurationName = Release;
		};
		8C38EFB41FB79B6100DDD909 /* Build configuration list for PBXNativeTarget "Smapchat" */ = {
			isa = XCConfigurationList;
			buildConfigurations = (
				8C38EFB51FB79B6100DDD909 /* Debug */,
				8C38EFB61FB79B6100DDD909 /* Release */,
			);
			defaultConfigurationIsVisible = 0;
			defaultConfigurationName = Release;
		};
		8C38EFB71FB79B6100DDD909 /* Build configuration list for PBXNativeTarget "SmapchatTests" */ = {
			isa = XCConfigurationList;
			buildConfigurations = (
				8C38EFB81FB79B6100DDD909 /* Debug */,
				8C38EFB91FB79B6100DDD909 /* Release */,
			);
			defaultConfigurationIsVisible = 0;
			defaultConfigurationName = Release;
		};
		8C38EFBA1FB79B6100DDD909 /* Build configuration list for PBXNativeTarget "SmapchatUITests" */ = {
			isa = XCConfigurationList;
			buildConfigurations = (
				8C38EFBB1FB79B6100DDD909 /* Debug */,
				8C38EFBC1FB79B6100DDD909 /* Release */,
			);
			defaultConfigurationIsVisible = 0;
			defaultConfigurationName = Release;
		};
/* End XCConfigurationList section */
	};
	rootObject = 8C38EF841FB79B6100DDD909 /* Project object */;
}
